
Microsoft Visual Studio Solution File, Format Version 12.00
# Visual Studio Version 17
VisualStudioVersion = 17.0.31903.59
MinimumVisualStudioVersion = 10.0.40219.1
Project("{FAE04EC0-301F-11D3-BF4B-00C04F79EFBC}") = "Composition2", "Composition2\Composition2.csproj", "{4C600128-F270-469E-9F26-6BF7004E01F4}"
EndProject
Global
	GlobalSection(SolutionConfigurationPlatforms) = preSolution
		Debug|Any CPU = Debug|Any CPU
		Release|Any CPU = Release|Any CPU
	EndGlobalSection
	GlobalSection(ProjectConfigurationPlatforms) = postSolution
		{4C600128-F270-469E-9F26-6BF7004E01F4}.Debug|Any CPU.ActiveCfg = Debug|Any CPU
		{4C600128-F270-469E-9F26-6BF7004E01F4}.Debug|Any CPU.Build.0 = Debug|Any CPU
		{4C600128-F270-469E-9F26-6BF7004E01F4}.Release|Any CPU.ActiveCfg = Release|Any CPU
		{4C600128-F270-469E-9F26-6BF7004E01F4}.Release|Any CPU.Build.0 = Release|Any CPU
	EndGlobalSection
	GlobalSection(SolutionProperties) = preSolution
		HideSolutionNode = FALSE
	EndGlobalSection
	GlobalSection(ExtensibilityGlobals) = postSolution
		SolutionGuid = {62756523-5832-4415-AC4A-FC0B88F42B3B}
	EndGlobalSection
EndGlobal
